// !$*UTF8*$!
{
	archiveVersion = 1;
	classes = {
	};
	objectVersion = 55;
	objects = {

/* Begin PBXBuildFile section */
		CDFA990327B79F9500495F59 /* AppDelegate.swift in Sources */ = {isa = PBXBuildFile; fileRef = CDFA990227B79F9500495F59 /* AppDelegate.swift */; };
		CDFA990527B79F9500495F59 /* SceneDelegate.swift in Sources */ = {isa = PBXBuildFile; fileRef = CDFA990427B79F9500495F59 /* SceneDelegate.swift */; };
		CDFA990727B79F9500495F59 /* ViewController.swift in Sources */ = {isa = PBXBuildFile; fileRef = CDFA990627B79F9500495F59 /* ViewController.swift */; };
		CDFA990A27B79F9500495F59 /* Main.storyboard in Resources */ = {isa = PBXBuildFile; fileRef = CDFA990827B79F9500495F59 /* Main.storyboard */; };
		CDFA990C27B79F9B00495F59 /* Assets.xcassets in Resources */ = {isa = PBXBuildFile; fileRef = CDFA990B27B79F9B00495F59 /* Assets.xcassets */; };
		CDFA990F27B79F9B00495F59 /* LaunchScreen.storyboard in Resources */ = {isa = PBXBuildFile; fileRef = CDFA990D27B79F9B00495F59 /* LaunchScreen.storyboard */; };
		CDFA997327B7C5DE00495F59 /* Woh Lamhe - Zeher Atif Aslam 320Kbps.mp3 in Resources */ = {isa = PBXBuildFile; fileRef = CDFA995627B7C5DE00495F59 /* Woh Lamhe - Zeher Atif Aslam 320Kbps.mp3 */; };
		CDFA997427B7C5DE00495F59 /* Bachpan-Ka-Pyar.mp3 in Resources */ = {isa = PBXBuildFile; fileRef = CDFA995727B7C5DE00495F59 /* Bachpan-Ka-Pyar.mp3 */; };
		CDFA997527B7C5DE00495F59 /* Music.wav in Resources */ = {isa = PBXBuildFile; fileRef = CDFA995827B7C5DE00495F59 /* Music.wav */; };
		CDFA997627B7C5DE00495F59 /* Tujhi Mein - Crook 320Kbps.mp3 in Resources */ = {isa = PBXBuildFile; fileRef = CDFA995927B7C5DE00495F59 /* Tujhi Mein - Crook 320Kbps.mp3 */; };
		CDFA997727B7C5DE00495F59 /* Judai - Jannat 320Kbps.mp3 in Resources */ = {isa = PBXBuildFile; fileRef = CDFA995A27B7C5DE00495F59 /* Judai - Jannat 320Kbps.mp3 */; };
		CDFA997827B7C5DE00495F59 /* Kali Kali Zulfon Ke - Madhur Sharma.mp3 in Resources */ = {isa = PBXBuildFile; fileRef = CDFA995B27B7C5DE00495F59 /* Kali Kali Zulfon Ke - Madhur Sharma.mp3 */; };
		CDFA997927B7C5DF00495F59 /* Hawayein.mp3 in Resources */ = {isa = PBXBuildFile; fileRef = CDFA995C27B7C5DE00495F59 /* Hawayein.mp3 */; };
		CDFA997A27B7C5DF00495F59 /* Tum-Agar-Manoge_320(PaglaSongs).mp3 in Resources */ = {isa = PBXBuildFile; fileRef = CDFA995D27B7C5DE00495F59 /* Tum-Agar-Manoge_320(PaglaSongs).mp3 */; };
		CDFA997B27B7C5DF00495F59 /* Main Agar Saamne.mp3 in Resources */ = {isa = PBXBuildFile; fileRef = CDFA995E27B7C5DE00495F59 /* Main Agar Saamne.mp3 */; };
		CDFA997C27B7C5DF00495F59 /* Bol-Kaffara-Kya-Hoga_320(PaglaSongs).mp3 in Resources */ = {isa = PBXBuildFile; fileRef = CDFA995F27B7C5DE00495F59 /* Bol-Kaffara-Kya-Hoga_320(PaglaSongs).mp3 */; };
		CDFA997D27B7C5DF00495F59 /* Barns Courtney-Fire.mp3 in Resources */ = {isa = PBXBuildFile; fileRef = CDFA996027B7C5DE00495F59 /* Barns Courtney-Fire.mp3 */; };
		CDFA997E27B7C5DF00495F59 /* Jindey Meriye - Jassie Gill.mp3 in Resources */ = {isa = PBXBuildFile; fileRef = CDFA996127B7C5DE00495F59 /* Jindey Meriye - Jassie Gill.mp3 */; };
		CDFA997F27B7C5DF00495F59 /* Jind Meriye - Jersey.mp3 in Resources */ = {isa = PBXBuildFile; fileRef = CDFA996227B7C5DE00495F59 /* Jind Meriye - Jersey.mp3 */; };
		CDFA998027B7C5DF00495F59 /* Din Raat.mp3 in Resources */ = {isa = PBXBuildFile; fileRef = CDFA996327B7C5DE00495F59 /* Din Raat.mp3 */; };
		CDFA998127B7C5DF00495F59 /* Brown Munde.mp3 in Resources */ = {isa = PBXBuildFile; fileRef = CDFA996427B7C5DE00495F59 /* Brown Munde.mp3 */; };
		CDFA998227B7C5DF00495F59 /* Pehli-Mohabbat_320(PaglaSongs).mp3 in Resources */ = {isa = PBXBuildFile; fileRef = CDFA996527B7C5DE00495F59 /* Pehli-Mohabbat_320(PaglaSongs).mp3 */; };
		CDFA998327B7C5DF00495F59 /* Dil Galti Kar Baitha Hai.mp3 in Resources */ = {isa = PBXBuildFile; fileRef = CDFA996627B7C5DE00495F59 /* Dil Galti Kar Baitha Hai.mp3 */; };
		CDFA998427B7C5DF00495F59 /* One Touch.mp3 in Resources */ = {isa = PBXBuildFile; fileRef = CDFA996727B7C5DE00495F59 /* One Touch.mp3 */; };
		CDFA998527B7C5DF00495F59 /* Teri Yaadon Mein - The Killer 320Kbps.mp3 in Resources */ = {isa = PBXBuildFile; fileRef = CDFA996827B7C5DE00495F59 /* Teri Yaadon Mein - The Killer 320Kbps.mp3 */; };
		CDFA998627B7C5DF00495F59 /* Baliye Re - Jersey.mp3 in Resources */ = {isa = PBXBuildFile; fileRef = CDFA996927B7C5DE00495F59 /* Baliye Re - Jersey.mp3 */; };
		CDFA998727B7C5DF00495F59 /* Rabb Jane.mp3 in Resources */ = {isa = PBXBuildFile; fileRef = CDFA996A27B7C5DE00495F59 /* Rabb Jane.mp3 */; };
		CDFA998827B7C5DF00495F59 /* Soch Liya.mp3 in Resources */ = {isa = PBXBuildFile; fileRef = CDFA996B27B7C5DE00495F59 /* Soch Liya.mp3 */; };
		CDFA998927B7C5DF00495F59 /* Yaariyan.mp3 in Resources */ = {isa = PBXBuildFile; fileRef = CDFA996C27B7C5DE00495F59 /* Yaariyan.mp3 */; };
		CDFA998A27B7C5DF00495F59 /* Aashiqui Aa Gayi.mp3 in Resources */ = {isa = PBXBuildFile; fileRef = CDFA996D27B7C5DE00495F59 /* Aashiqui Aa Gayi.mp3 */; };
		CDFA998B27B7C5DF00495F59 /* Mera Dil Bhi Kitna Pagal Hai.mp3 in Resources */ = {isa = PBXBuildFile; fileRef = CDFA996E27B7C5DE00495F59 /* Mera Dil Bhi Kitna Pagal Hai.mp3 */; };
		CDFA998C27B7C5DF00495F59 /* Chaldi Kudi.mp3 in Resources */ = {isa = PBXBuildFile; fileRef = CDFA996F27B7C5DE00495F59 /* Chaldi Kudi.mp3 */; };
		CDFA998D27B7C5DF00495F59 /* Kithe Chaliye Tu.mp3 in Resources */ = {isa = PBXBuildFile; fileRef = CDFA997027B7C5DE00495F59 /* Kithe Chaliye Tu.mp3 */; };
		CDFA998E27B7C5DF00495F59 /* Jane Wale Laut Kar Tu Aaya Kyon Nahi.mp3 in Resources */ = {isa = PBXBuildFile; fileRef = CDFA997127B7C5DE00495F59 /* Jane Wale Laut Kar Tu Aaya Kyon Nahi.mp3 */; };
		CDFA998F27B7C5DF00495F59 /* Filhaal-2-Mohabbat.mp3 in Resources */ = {isa = PBXBuildFile; fileRef = CDFA997227B7C5DE00495F59 /* Filhaal-2-Mohabbat.mp3 */; };
/* End PBXBuildFile section */

/* Begin PBXFileReference section */
		CDFA98FF27B79F9500495F59 /* IOSAudioPlayer.app */ = {isa = PBXFileReference; explicitFileType = wrapper.application; includeInIndex = 0; path = IOSAudioPlayer.app; sourceTree = BUILT_PRODUCTS_DIR; };
		CDFA990227B79F9500495F59 /* AppDelegate.swift */ = {isa = PBXFileReference; lastKnownFileType = sourcecode.swift; path = AppDelegate.swift; sourceTree = "<group>"; };
		CDFA990427B79F9500495F59 /* SceneDelegate.swift */ = {isa = PBXFileReference; lastKnownFileType = sourcecode.swift; path = SceneDelegate.swift; sourceTree = "<group>"; };
		CDFA990627B79F9500495F59 /* ViewController.swift */ = {isa = PBXFileReference; lastKnownFileType = sourcecode.swift; path = ViewController.swift; sourceTree = "<group>"; };
		CDFA990927B79F9500495F59 /* Base */ = {isa = PBXFileReference; lastKnownFileType = file.storyboard; name = Base; path = Base.lproj/Main.storyboard; sourceTree = "<group>"; };
		CDFA990B27B79F9B00495F59 /* Assets.xcassets */ = {isa = PBXFileReference; lastKnownFileType = folder.assetcatalog; path = Assets.xcassets; sourceTree = "<group>"; };
		CDFA990E27B79F9B00495F59 /* Base */ = {isa = PBXFileReference; lastKnownFileType = file.storyboard; name = Base; path = Base.lproj/LaunchScreen.storyboard; sourceTree = "<group>"; };
		CDFA991027B79F9B00495F59 /* Info.plist */ = {isa = PBXFileReference; lastKnownFileType = text.plist.xml; path = Info.plist; sourceTree = "<group>"; };
		CDFA995627B7C5DE00495F59 /* Woh Lamhe - Zeher Atif Aslam 320Kbps.mp3 */ = {isa = PBXFileReference; lastKnownFileType = audio.mp3; path = "Woh Lamhe - Zeher Atif Aslam 320Kbps.mp3"; sourceTree = "<group>"; };
		CDFA995727B7C5DE00495F59 /* Bachpan-Ka-Pyar.mp3 */ = {isa = PBXFileReference; lastKnownFileType = audio.mp3; path = "Bachpan-Ka-Pyar.mp3"; sourceTree = "<group>"; };
		CDFA995827B7C5DE00495F59 /* Music.wav */ = {isa = PBXFileReference; lastKnownFileType = audio.wav; path = Music.wav; sourceTree = "<group>"; };
		CDFA995927B7C5DE00495F59 /* Tujhi Mein - Crook 320Kbps.mp3 */ = {isa = PBXFileReference; lastKnownFileType = audio.mp3; path = "Tujhi Mein - Crook 320Kbps.mp3"; sourceTree = "<group>"; };
		CDFA995A27B7C5DE00495F59 /* Judai - Jannat 320Kbps.mp3 */ = {isa = PBXFileReference; lastKnownFileType = audio.mp3; path = "Judai - Jannat 320Kbps.mp3"; sourceTree = "<group>"; };
		CDFA995B27B7C5DE00495F59 /* Kali Kali Zulfon Ke - Madhur Sharma.mp3 */ = {isa = PBXFileReference; lastKnownFileType = audio.mp3; path = "Kali Kali Zulfon Ke - Madhur Sharma.mp3"; sourceTree = "<group>"; };
		CDFA995C27B7C5DE00495F59 /* Hawayein.mp3 */ = {isa = PBXFileReference; lastKnownFileType = audio.mp3; path = Hawayein.mp3; sourceTree = "<group>"; };
		CDFA995D27B7C5DE00495F59 /* Tum-Agar-Manoge_320(PaglaSongs).mp3 */ = {isa = PBXFileReference; lastKnownFileType = audio.mp3; path = "Tum-Agar-Manoge_320(PaglaSongs).mp3"; sourceTree = "<group>"; };
		CDFA995E27B7C5DE00495F59 /* Main Agar Saamne.mp3 */ = {isa = PBXFileReference; lastKnownFileType = audio.mp3; path = "Main Agar Saamne.mp3"; sourceTree = "<group>"; };
		CDFA995F27B7C5DE00495F59 /* Bol-Kaffara-Kya-Hoga_320(PaglaSongs).mp3 */ = {isa = PBXFileReference; lastKnownFileType = audio.mp3; path = "Bol-Kaffara-Kya-Hoga_320(PaglaSongs).mp3"; sourceTree = "<group>"; };
		CDFA996027B7C5DE00495F59 /* Barns Courtney-Fire.mp3 */ = {isa = PBXFileReference; lastKnownFileType = audio.mp3; path = "Barns Courtney-Fire.mp3"; sourceTree = "<group>"; };
		CDFA996127B7C5DE00495F59 /* Jindey Meriye - Jassie Gill.mp3 */ = {isa = PBXFileReference; lastKnownFileType = audio.mp3; path = "Jindey Meriye - Jassie Gill.mp3"; sourceTree = "<group>"; };
		CDFA996227B7C5DE00495F59 /* Jind Meriye - Jersey.mp3 */ = {isa = PBXFileReference; lastKnownFileType = audio.mp3; path = "Jind Meriye - Jersey.mp3"; sourceTree = "<group>"; };
		CDFA996327B7C5DE00495F59 /* Din Raat.mp3 */ = {isa = PBXFileReference; lastKnownFileType = audio.mp3; path = "Din Raat.mp3"; sourceTree = "<group>"; };
		CDFA996427B7C5DE00495F59 /* Brown Munde.mp3 */ = {isa = PBXFileReference; lastKnownFileType = audio.mp3; path = "Brown Munde.mp3"; sourceTree = "<group>"; };
		CDFA996527B7C5DE00495F59 /* Pehli-Mohabbat_320(PaglaSongs).mp3 */ = {isa = PBXFileReference; lastKnownFileType = audio.mp3; path = "Pehli-Mohabbat_320(PaglaSongs).mp3"; sourceTree = "<group>"; };
		CDFA996627B7C5DE00495F59 /* Dil Galti Kar Baitha Hai.mp3 */ = {isa = PBXFileReference; lastKnownFileType = audio.mp3; path = "Dil Galti Kar Baitha Hai.mp3"; sourceTree = "<group>"; };
		CDFA996727B7C5DE00495F59 /* One Touch.mp3 */ = {isa = PBXFileReference; lastKnownFileType = audio.mp3; path = "One Touch.mp3"; sourceTree = "<group>"; };
		CDFA996827B7C5DE00495F59 /* Teri Yaadon Mein - The Killer 320Kbps.mp3 */ = {isa = PBXFileReference; lastKnownFileType = audio.mp3; path = "Teri Yaadon Mein - The Killer 320Kbps.mp3"; sourceTree = "<group>"; };
		CDFA996927B7C5DE00495F59 /* Baliye Re - Jersey.mp3 */ = {isa = PBXFileReference; lastKnownFileType = audio.mp3; path = "Baliye Re - Jersey.mp3"; sourceTree = "<group>"; };
		CDFA996A27B7C5DE00495F59 /* Rabb Jane.mp3 */ = {isa = PBXFileReference; lastKnownFileType = audio.mp3; path = "Rabb Jane.mp3"; sourceTree = "<group>"; };
		CDFA996B27B7C5DE00495F59 /* Soch Liya.mp3 */ = {isa = PBXFileReference; lastKnownFileType = audio.mp3; path = "Soch Liya.mp3"; sourceTree = "<group>"; };
		CDFA996C27B7C5DE00495F59 /* Yaariyan.mp3 */ = {isa = PBXFileReference; lastKnownFileType = audio.mp3; path = Yaariyan.mp3; sourceTree = "<group>"; };
		CDFA996D27B7C5DE00495F59 /* Aashiqui Aa Gayi.mp3 */ = {isa = PBXFileReference; lastKnownFileType = audio.mp3; path = "Aashiqui Aa Gayi.mp3"; sourceTree = "<group>"; };
		CDFA996E27B7C5DE00495F59 /* Mera Dil Bhi Kitna Pagal Hai.mp3 */ = {isa = PBXFileReference; lastKnownFileType = audio.mp3; path = "Mera Dil Bhi Kitna Pagal Hai.mp3"; sourceTree = "<group>"; };
		CDFA996F27B7C5DE00495F59 /* Chaldi Kudi.mp3 */ = {isa = PBXFileReference; lastKnownFileType = audio.mp3; path = "Chaldi Kudi.mp3"; sourceTree = "<group>"; };
		CDFA997027B7C5DE00495F59 /* Kithe Chaliye Tu.mp3 */ = {isa = PBXFileReference; lastKnownFileType = audio.mp3; path = "Kithe Chaliye Tu.mp3"; sourceTree = "<group>"; };
		CDFA997127B7C5DE00495F59 /* Jane Wale Laut Kar Tu Aaya Kyon Nahi.mp3 */ = {isa = PBXFileReference; lastKnownFileType = audio.mp3; path = "Jane Wale Laut Kar Tu Aaya Kyon Nahi.mp3"; sourceTree = "<group>"; };
		CDFA997227B7C5DE00495F59 /* Filhaal-2-Mohabbat.mp3 */ = {isa = PBXFileReference; lastKnownFileType = audio.mp3; path = "Filhaal-2-Mohabbat.mp3"; sourceTree = "<group>"; };
/* End PBXFileReference section */

/* Begin PBXFrameworksBuildPhase section */
		CDFA98FC27B79F9500495F59 /* Frameworks */ = {
			isa = PBXFrameworksBuildPhase;
			buildActionMask = 2147483647;
			files = (
			);
			runOnlyForDeploymentPostprocessing = 0;
		};
/* End PBXFrameworksBuildPhase section */

/* Begin PBXGroup section */
		CDFA98F627B79F9400495F59 = {
			isa = PBXGroup;
			children = (
				CDFA990127B79F9500495F59 /* IOSAudioPlayer */,
				CDFA990027B79F9500495F59 /* Products */,
			);
			sourceTree = "<group>";
		};
		CDFA990027B79F9500495F59 /* Products */ = {
			isa = PBXGroup;
			children = (
				CDFA98FF27B79F9500495F59 /* IOSAudioPlayer.app */,
			);
			name = Products;
			sourceTree = "<group>";
		};
		CDFA990127B79F9500495F59 /* IOSAudioPlayer */ = {
			isa = PBXGroup;
			children = (
				CDFA991927B7BA6300495F59 /* View Controller */,
				CDFA991827B7BA3B00495F59 /* Utilities */,
				CDFA991627B7BA0700495F59 /* Resource */,
				CDFA991727B7BA1A00495F59 /* Application */,
			);
			path = IOSAudioPlayer;
			sourceTree = "<group>";
		};
		CDFA991627B7BA0700495F59 /* Resource */ = {
			isa = PBXGroup;
			children = (
				CDFA990B27B79F9B00495F59 /* Assets.xcassets */,
				CDFA995527B7C5DE00495F59 /* Sounds */,
			);
			name = Resource;
			sourceTree = "<group>";
		};
		CDFA991727B7BA1A00495F59 /* Application */ = {
			isa = PBXGroup;
			children = (
				CDFA990227B79F9500495F59 /* AppDelegate.swift */,
				CDFA990427B79F9500495F59 /* SceneDelegate.swift */,
				CDFA990827B79F9500495F59 /* Main.storyboard */,
				CDFA990D27B79F9B00495F59 /* LaunchScreen.storyboard */,
				CDFA991027B79F9B00495F59 /* Info.plist */,
			);
			path = Application;
			sourceTree = "<group>";
		};
		CDFA991827B7BA3B00495F59 /* Utilities */ = {
			isa = PBXGroup;
			children = (
			);
			name = Utilities;
			sourceTree = "<group>";
		};
		CDFA991927B7BA6300495F59 /* View Controller */ = {
			isa = PBXGroup;
			children = (
				CDFA990627B79F9500495F59 /* ViewController.swift */,
			);
			path = "View Controller";
			sourceTree = "<group>";
		};
		CDFA995527B7C5DE00495F59 /* Sounds */ = {
			isa = PBXGroup;
			children = (
				CDFA995627B7C5DE00495F59 /* Woh Lamhe - Zeher Atif Aslam 320Kbps.mp3 */,
				CDFA995727B7C5DE00495F59 /* Bachpan-Ka-Pyar.mp3 */,
				CDFA995827B7C5DE00495F59 /* Music.wav */,
				CDFA995927B7C5DE00495F59 /* Tujhi Mein - Crook 320Kbps.mp3 */,
				CDFA995A27B7C5DE00495F59 /* Judai - Jannat 320Kbps.mp3 */,
				CDFA995B27B7C5DE00495F59 /* Kali Kali Zulfon Ke - Madhur Sharma.mp3 */,
				CDFA995C27B7C5DE00495F59 /* Hawayein.mp3 */,
				CDFA995D27B7C5DE00495F59 /* Tum-Agar-Manoge_320(PaglaSongs).mp3 */,
				CDFA995E27B7C5DE00495F59 /* Main Agar Saamne.mp3 */,
				CDFA995F27B7C5DE00495F59 /* Bol-Kaffara-Kya-Hoga_320(PaglaSongs).mp3 */,
				CDFA996027B7C5DE00495F59 /* Barns Courtney-Fire.mp3 */,
				CDFA996127B7C5DE00495F59 /* Jindey Meriye - Jassie Gill.mp3 */,
				CDFA996227B7C5DE00495F59 /* Jind Meriye - Jersey.mp3 */,
				CDFA996327B7C5DE00495F59 /* Din Raat.mp3 */,
				CDFA996427B7C5DE00495F59 /* Brown Munde.mp3 */,
				CDFA996527B7C5DE00495F59 /* Pehli-Mohabbat_320(PaglaSongs).mp3 */,
				CDFA996627B7C5DE00495F59 /* Dil Galti Kar Baitha Hai.mp3 */,
				CDFA996727B7C5DE00495F59 /* One Touch.mp3 */,
				CDFA996827B7C5DE00495F59 /* Teri Yaadon Mein - The Killer 320Kbps.mp3 */,
				CDFA996927B7C5DE00495F59 /* Baliye Re - Jersey.mp3 */,
				CDFA996A27B7C5DE00495F59 /* Rabb Jane.mp3 */,
				CDFA996B27B7C5DE00495F59 /* Soch Liya.mp3 */,
				CDFA996C27B7C5DE00495F59 /* Yaariyan.mp3 */,
				CDFA996D27B7C5DE00495F59 /* Aashiqui Aa Gayi.mp3 */,
				CDFA996E27B7C5DE00495F59 /* Mera Dil Bhi Kitna Pagal Hai.mp3 */,
				CDFA996F27B7C5DE00495F59 /* Chaldi Kudi.mp3 */,
				CDFA997027B7C5DE00495F59 /* Kithe Chaliye Tu.mp3 */,
				CDFA997127B7C5DE00495F59 /* Jane Wale Laut Kar Tu Aaya Kyon Nahi.mp3 */,
				CDFA997227B7C5DE00495F59 /* Filhaal-2-Mohabbat.mp3 */,
			);
			path = Sounds;
			sourceTree = "<group>";
		};
/* End PBXGroup section */

/* Begin PBXNativeTarget section */
		CDFA98FE27B79F9500495F59 /* IOSAudioPlayer */ = {
			isa = PBXNativeTarget;
			buildConfigurationList = CDFA991327B79F9B00495F59 /* Build configuration list for PBXNativeTarget "IOSAudioPlayer" */;
			buildPhases = (
				CDFA98FB27B79F9500495F59 /* Sources */,
				CDFA98FC27B79F9500495F59 /* Frameworks */,
				CDFA98FD27B79F9500495F59 /* Resources */,
			);
			buildRules = (
			);
			dependencies = (
			);
			name = IOSAudioPlayer;
			productName = IOSAudioPlayer;
			productReference = CDFA98FF27B79F9500495F59 /* IOSAudioPlayer.app */;
			productType = "com.apple.product-type.application";
		};
/* End PBXNativeTarget section */

/* Begin PBXProject section */
		CDFA98F727B79F9400495F59 /* Project object */ = {
			isa = PBXProject;
			attributes = {
				BuildIndependentTargetsInParallel = 1;
				LastSwiftUpdateCheck = 1310;
				LastUpgradeCheck = 1310;
				TargetAttributes = {
					CDFA98FE27B79F9500495F59 = {
						CreatedOnToolsVersion = 13.1;
					};
				};
			};
			buildConfigurationList = CDFA98FA27B79F9500495F59 /* Build configuration list for PBXProject "IOSAudioPlayer" */;
			compatibilityVersion = "Xcode 13.0";
			developmentRegion = en;
			hasScannedForEncodings = 0;
			knownRegions = (
				en,
				Base,
			);
			mainGroup = CDFA98F627B79F9400495F59;
			productRefGroup = CDFA990027B79F9500495F59 /* Products */;
			projectDirPath = "";
			projectRoot = "";
			targets = (
				CDFA98FE27B79F9500495F59 /* IOSAudioPlayer */,
			);
		};
/* End PBXProject section */

/* Begin PBXResourcesBuildPhase section */
		CDFA98FD27B79F9500495F59 /* Resources */ = {
			isa = PBXResourcesBuildPhase;
			buildActionMask = 2147483647;
			files = (
				CDFA998727B7C5DF00495F59 /* Rabb Jane.mp3 in Resources */,
				CDFA997927B7C5DF00495F59 /* Hawayein.mp3 in Resources */,
				CDFA997527B7C5DE00495F59 /* Music.wav in Resources */,
				CDFA998127B7C5DF00495F59 /* Brown Munde.mp3 in Resources */,
				CDFA997827B7C5DE00495F59 /* Kali Kali Zulfon Ke - Madhur Sharma.mp3 in Resources */,
				CDFA998227B7C5DF00495F59 /* Pehli-Mohabbat_320(PaglaSongs).mp3 in Resources */,
				CDFA998927B7C5DF00495F59 /* Yaariyan.mp3 in Resources */,
				CDFA997E27B7C5DF00495F59 /* Jindey Meriye - Jassie Gill.mp3 in Resources */,
				CDFA998827B7C5DF00495F59 /* Soch Liya.mp3 in Resources */,
				CDFA990F27B79F9B00495F59 /* LaunchScreen.storyboard in Resources */,
				CDFA998027B7C5DF00495F59 /* Din Raat.mp3 in Resources */,
				CDFA997F27B7C5DF00495F59 /* Jind Meriye - Jersey.mp3 in Resources */,
				CDFA997327B7C5DE00495F59 /* Woh Lamhe - Zeher Atif Aslam 320Kbps.mp3 in Resources */,
				CDFA998527B7C5DF00495F59 /* Teri Yaadon Mein - The Killer 320Kbps.mp3 in Resources */,
				CDFA998B27B7C5DF00495F59 /* Mera Dil Bhi Kitna Pagal Hai.mp3 in Resources */,
				CDFA998F27B7C5DF00495F59 /* Filhaal-2-Mohabbat.mp3 in Resources */,
				CDFA998D27B7C5DF00495F59 /* Kithe Chaliye Tu.mp3 in Resources */,
				CDFA998A27B7C5DF00495F59 /* Aashiqui Aa Gayi.mp3 in Resources */,
				CDFA998C27B7C5DF00495F59 /* Chaldi Kudi.mp3 in Resources */,
				CDFA998E27B7C5DF00495F59 /* Jane Wale Laut Kar Tu Aaya Kyon Nahi.mp3 in Resources */,
				CDFA997727B7C5DE00495F59 /* Judai - Jannat 320Kbps.mp3 in Resources */,
				CDFA997427B7C5DE00495F59 /* Bachpan-Ka-Pyar.mp3 in Resources */,
				CDFA997B27B7C5DF00495F59 /* Main Agar Saamne.mp3 in Resources */,
				CDFA990C27B79F9B00495F59 /* Assets.xcassets in Resources */,
				CDFA998627B7C5DF00495F59 /* Baliye Re - Jersey.mp3 in Resources */,
				CDFA997627B7C5DE00495F59 /* Tujhi Mein - Crook 320Kbps.mp3 in Resources */,
				CDFA998427B7C5DF00495F59 /* One Touch.mp3 in Resources */,
				CDFA997C27B7C5DF00495F59 /* Bol-Kaffara-Kya-Hoga_320(PaglaSongs).mp3 in Resources */,
				CDFA997A27B7C5DF00495F59 /* Tum-Agar-Manoge_320(PaglaSongs).mp3 in Resources */,
				CDFA998327B7C5DF00495F59 /* Dil Galti Kar Baitha Hai.mp3 in Resources */,
				CDFA990A27B79F9500495F59 /* Main.storyboard in Resources */,
				CDFA997D27B7C5DF00495F59 /* Barns Courtney-Fire.mp3 in Resources */,
			);
			runOnlyForDeploymentPostprocessing = 0;
		};
/* End PBXResourcesBuildPhase section */

/* Begin PBXSourcesBuildPhase section */
		CDFA98FB27B79F9500495F59 /* Sources */ = {
			isa = PBXSourcesBuildPhase;
			buildActionMask = 2147483647;
			files = (
				CDFA990727B79F9500495F59 /* ViewController.swift in Sources */,
				CDFA990327B79F9500495F59 /* AppDelegate.swift in Sources */,
				CDFA990527B79F9500495F59 /* SceneDelegate.swift in Sources */,
			);
			runOnlyForDeploymentPostprocessing = 0;
		};
/* End PBXSourcesBuildPhase section */

/* Begin PBXVariantGroup section */
		CDFA990827B79F9500495F59 /* Main.storyboard */ = {
			isa = PBXVariantGroup;
			children = (
				CDFA990927B79F9500495F59 /* Base */,
			);
			name = Main.storyboard;
			sourceTree = "<group>";
		};
		CDFA990D27B79F9B00495F59 /* LaunchScreen.storyboard */ = {
			isa = PBXVariantGroup;
			children = (
				CDFA990E27B79F9B00495F59 /* Base */,
			);
			name = LaunchScreen.storyboard;
			sourceTree = "<group>";
		};
/* End PBXVariantGroup section */

/* Begin XCBuildConfiguration section */
		CDFA991127B79F9B00495F59 /* Debug */ = {
			isa = XCBuildConfiguration;
			buildSettings = {
				ALWAYS_SEARCH_USER_PATHS = NO;
				CLANG_ANALYZER_NONNULL = YES;
				CLANG_ANALYZER_NUMBER_OBJECT_CONVERSION = YES_AGGRESSIVE;
				CLANG_CXX_LANGUAGE_STANDARD = "gnu++17";
				CLANG_CXX_LIBRARY = "libc++";
				CLANG_ENABLE_MODULES = YES;
				CLANG_ENABLE_OBJC_ARC = YES;
				CLANG_ENABLE_OBJC_WEAK = YES;
				CLANG_WARN_BLOCK_CAPTURE_AUTORELEASING = YES;
				CLANG_WARN_BOOL_CONVERSION = YES;
				CLANG_WARN_COMMA = YES;
				CLANG_WARN_CONSTANT_CONVERSION = YES;
				CLANG_WARN_DEPRECATED_OBJC_IMPLEMENTATIONS = YES;
				CLANG_WARN_DIRECT_OBJC_ISA_USAGE = YES_ERROR;
				CLANG_WARN_DOCUMENTATION_COMMENTS = YES;
				CLANG_WARN_EMPTY_BODY = YES;
				CLANG_WARN_ENUM_CONVERSION = YES;
				CLANG_WARN_INFINITE_RECURSION = YES;
				CLANG_WARN_INT_CONVERSION = YES;
				CLANG_WARN_NON_LITERAL_NULL_CONVERSION = YES;
				CLANG_WARN_OBJC_IMPLICIT_RETAIN_SELF = YES;
				CLANG_WARN_OBJC_LITERAL_CONVERSION = YES;
				CLANG_WARN_OBJC_ROOT_CLASS = YES_ERROR;
				CLANG_WARN_QUOTED_INCLUDE_IN_FRAMEWORK_HEADER = YES;
				CLANG_WARN_RANGE_LOOP_ANALYSIS = YES;
				CLANG_WARN_STRICT_PROTOTYPES = YES;
				CLANG_WARN_SUSPICIOUS_MOVE = YES;
				CLANG_WARN_UNGUARDED_AVAILABILITY = YES_AGGRESSIVE;
				CLANG_WARN_UNREACHABLE_CODE = YES;
				CLANG_WARN__DUPLICATE_METHOD_MATCH = YES;
				COPY_PHASE_STRIP = NO;
				DEBUG_INFORMATION_FORMAT = dwarf;
				ENABLE_STRICT_OBJC_MSGSEND = YES;
				ENABLE_TESTABILITY = YES;
				GCC_C_LANGUAGE_STANDARD = gnu11;
				GCC_DYNAMIC_NO_PIC = NO;
				GCC_NO_COMMON_BLOCKS = YES;
				GCC_OPTIMIZATION_LEVEL = 0;
				GCC_PREPROCESSOR_DEFINITIONS = (
					"DEBUG=1",
					"$(inherited)",
				);
				GCC_WARN_64_TO_32_BIT_CONVERSION = YES;
				GCC_WARN_ABOUT_RETURN_TYPE = YES_ERROR;
				GCC_WARN_UNDECLARED_SELECTOR = YES;
				GCC_WARN_UNINITIALIZED_AUTOS = YES_AGGRESSIVE;
				GCC_WARN_UNUSED_FUNCTION = YES;
				GCC_WARN_UNUSED_VARIABLE = YES;
				IPHONEOS_DEPLOYMENT_TARGET = 15.0;
				MTL_ENABLE_DEBUG_INFO = INCLUDE_SOURCE;
				MTL_FAST_MATH = YES;
				ONLY_ACTIVE_ARCH = YES;
				SDKROOT = iphoneos;
				SWIFT_ACTIVE_COMPILATION_CONDITIONS = DEBUG;
				SWIFT_OPTIMIZATION_LEVEL = "-Onone";
			};
			name = Debug;
		};
		CDFA991227B79F9B00495F59 /* Release */ = {
			isa = XCBuildConfiguration;
			buildSettings = {
				ALWAYS_SEARCH_USER_PATHS = NO;
				CLANG_ANALYZER_NONNULL = YES;
				CLANG_ANALYZER_NUMBER_OBJECT_CONVERSION = YES_AGGRESSIVE;
				CLANG_CXX_LANGUAGE_STANDARD = "gnu++17";
				CLANG_CXX_LIBRARY = "libc++";
				CLANG_ENABLE_MODULES = YES;
				CLANG_ENABLE_OBJC_ARC = YES;
				CLANG_ENABLE_OBJC_WEAK = YES;
				CLANG_WARN_BLOCK_CAPTURE_AUTORELEASING = YES;
				CLANG_WARN_BOOL_CONVERSION = YES;
				CLANG_WARN_COMMA = YES;
				CLANG_WARN_CONSTANT_CONVERSION = YES;
				CLANG_WARN_DEPRECATED_OBJC_IMPLEMENTATIONS = YES;
				CLANG_WARN_DIRECT_OBJC_ISA_USAGE = YES_ERROR;
				CLANG_WARN_DOCUMENTATION_COMMENTS = YES;
				CLANG_WARN_EMPTY_BODY = YES;
				CLANG_WARN_ENUM_CONVERSION = YES;
				CLANG_WARN_INFINITE_RECURSION = YES;
				CLANG_WARN_INT_CONVERSION = YES;
				CLANG_WARN_NON_LITERAL_NULL_CONVERSION = YES;
				CLANG_WARN_OBJC_IMPLICIT_RETAIN_SELF = YES;
				CLANG_WARN_OBJC_LITERAL_CONVERSION = YES;
				CLANG_WARN_OBJC_ROOT_CLASS = YES_ERROR;
				CLANG_WARN_QUOTED_INCLUDE_IN_FRAMEWORK_HEADER = YES;
				CLANG_WARN_RANGE_LOOP_ANALYSIS = YES;
				CLANG_WARN_STRICT_PROTOTYPES = YES;
				CLANG_WARN_SUSPICIOUS_MOVE = YES;
				CLANG_WARN_UNGUARDED_AVAILABILITY = YES_AGGRESSIVE;
				CLANG_WARN_UNREACHABLE_CODE = YES;
				CLANG_WARN__DUPLICATE_METHOD_MATCH = YES;
				COPY_PHASE_STRIP = NO;
				DEBUG_INFORMATION_FORMAT = "dwarf-with-dsym";
				ENABLE_NS_ASSERTIONS = NO;
				ENABLE_STRICT_OBJC_MSGSEND = YES;
				GCC_C_LANGUAGE_STANDARD = gnu11;
				GCC_NO_COMMON_BLOCKS = YES;
				GCC_WARN_64_TO_32_BIT_CONVERSION = YES;
				GCC_WARN_ABOUT_RETURN_TYPE = YES_ERROR;
				GCC_WARN_UNDECLARED_SELECTOR = YES;
				GCC_WARN_UNINITIALIZED_AUTOS = YES_AGGRESSIVE;
				GCC_WARN_UNUSED_FUNCTION = YES;
				GCC_WARN_UNUSED_VARIABLE = YES;
				IPHONEOS_DEPLOYMENT_TARGET = 15.0;
				MTL_ENABLE_DEBUG_INFO = NO;
				MTL_FAST_MATH = YES;
				SDKROOT = iphoneos;
				SWIFT_COMPILATION_MODE = wholemodule;
				SWIFT_OPTIMIZATION_LEVEL = "-O";
				VALIDATE_PRODUCT = YES;
			};
			name = Release;
		};
		CDFA991427B79F9B00495F59 /* Debug */ = {
			isa = XCBuildConfiguration;
			buildSettings = {
				ASSETCATALOG_COMPILER_APPICON_NAME = AppIcon;
				ASSETCATALOG_COMPILER_GLOBAL_ACCENT_COLOR_NAME = AccentColor;
				CODE_SIGN_STYLE = Automatic;
				CURRENT_PROJECT_VERSION = 1;
				DEVELOPMENT_TEAM = 2MCAE8CXGC;
				GENERATE_INFOPLIST_FILE = YES;
				INFOPLIST_FILE = IOSAudioPlayer/Info.plist;
				INFOPLIST_KEY_UIApplicationSupportsIndirectInputEvents = YES;
				INFOPLIST_KEY_UILaunchStoryboardName = LaunchScreen;
				INFOPLIST_KEY_UIMainStoryboardFile = Main;
				INFOPLIST_KEY_UISupportedInterfaceOrientations_iPad = "UIInterfaceOrientationPortrait UIInterfaceOrientationPortraitUpsideDown UIInterfaceOrientationLandscapeLeft UIInterfaceOrientationLandscapeRight";
				INFOPLIST_KEY_UISupportedInterfaceOrientations_iPhone = "UIInterfaceOrientationPortrait UIInterfaceOrientationLandscapeLeft UIInterfaceOrientationLandscapeRight";
				LD_RUNPATH_SEARCH_PATHS = (
					"$(inherited)",
					"@executable_path/Frameworks",
				);
				MARKETING_VERSION = 1.0;
				PRODUCT_BUNDLE_IDENTIFIER = com.SimplyEntertainingLLC.IOSAudioPlayer;
				PRODUCT_NAME = "$(TARGET_NAME)";
				SWIFT_EMIT_LOC_STRINGS = YES;
				SWIFT_VERSION = 5.0;
				TARGETED_DEVICE_FAMILY = "1,2";
			};
			name = Debug;
		};
		CDFA991527B79F9B00495F59 /* Release */ = {
			isa = XCBuildConfiguration;
			buildSettings = {
				ASSETCATALOG_COMPILER_APPICON_NAME = AppIcon;
				ASSETCATALOG_COMPILER_GLOBAL_ACCENT_COLOR_NAME = AccentColor;
				CODE_SIGN_STYLE = Automatic;
				CURRENT_PROJECT_VERSION = 1;
				DEVELOPMENT_TEAM = 2MCAE8CXGC;
				GENERATE_INFOPLIST_FILE = YES;
				INFOPLIST_FILE = IOSAudioPlayer/Info.plist;
				INFOPLIST_KEY_UIApplicationSupportsIndirectInputEvents = YES;
				INFOPLIST_KEY_UILaunchStoryboardName = LaunchScreen;
				INFOPLIST_KEY_UIMainStoryboardFile = Main;
				INFOPLIST_KEY_UISupportedInterfaceOrientations_iPad = "UIInterfaceOrientationPortrait UIInterfaceOrientationPortraitUpsideDown UIInterfaceOrientationLandscapeLeft UIInterfaceOrientationLandscapeRight";
				INFOPLIST_KEY_UISupportedInterfaceOrientations_iPhone = "UIInterfaceOrientationPortrait UIInterfaceOrientationLandscapeLeft UIInterfaceOrientationLandscapeRight";
				LD_RUNPATH_SEARCH_PATHS = (
					"$(inherited)",
					"@executable_path/Frameworks",
				);
				MARKETING_VERSION = 1.0;
				PRODUCT_BUNDLE_IDENTIFIER = com.SimplyEntertainingLLC.IOSAudioPlayer;
				PRODUCT_NAME = "$(TARGET_NAME)";
				SWIFT_EMIT_LOC_STRINGS = YES;
				SWIFT_VERSION = 5.0;
				TARGETED_DEVICE_FAMILY = "1,2";
			};
			name = Release;
		};
/* End XCBuildConfiguration section */

/* Begin XCConfigurationList section */
		CDFA98FA27B79F9500495F59 /* Build configuration list for PBXProject "IOSAudioPlayer" */ = {
			isa = XCConfigurationList;
			buildConfigurations = (
				CDFA991127B79F9B00495F59 /* Debug */,
				CDFA991227B79F9B00495F59 /* Release */,
			);
			defaultConfigurationIsVisible = 0;
			defaultConfigurationName = Release;
		};
		CDFA991327B79F9B00495F59 /* Build configuration list for PBXNativeTarget "IOSAudioPlayer" */ = {
			isa = XCConfigurationList;
			buildConfigurations = (
				CDFA991427B79F9B00495F59 /* Debug */,
				CDFA991527B79F9B00495F59 /* Release */,
			);
			defaultConfigurationIsVisible = 0;
			defaultConfigurationName = Release;
		};
/* End XCConfigurationList section */
	};
	rootObject = CDFA98F727B79F9400495F59 /* Project object */;
}
